{
  "lockfileVersion": 1,
  "configVersion": 1,
  "workspaces": {
    "": {
      "name": "manjaro-downloads",
      "dependencies": {
        "accept-language": "latest",
        "dayjs": "latest",
        "sunrise-sunset-js": "latest",
        "zod": "latest",
      },
      "devDependencies": {
        "@cloudflare/workers-types": "latest",
        "typescript": "latest",
      },
    },
  },
  "packages": {
    "@cloudflare/workers-types": ["@cloudflare/workers-types@4.20260511.1", "", {}, "sha512-FA+si7cOq9i/gtCHhIc0XJL0l1F/ApF+m00752Aj7WZFJrj3ZulT2T8/+rT3BabMT0QEnqFEGIqCgrmqhgEfMg=="],

    "accept-language": ["accept-language@3.0.20", "", { "dependencies": { "bcp47": "^1.1.2" } }, "sha512-xklPzRma4aoDEPk0ZfMjeuxB2FP4JBYlAR25OFUqCoOYDjYo6wGwAs49SnTN/MoB5VpnNX9tENfZ+vEIFmHQMQ=="],

    "bcp47": ["bcp47@1.1.2", "", {}, "sha512-JnkkL4GUpOvvanH9AZPX38CxhiLsXMBicBY2IAtqiVN8YulGDQybUydWA4W6yAMtw6iShtw+8HEF6cfrTHU+UQ=="],

    "dayjs": ["dayjs@1.11.20", "", {}, "sha512-YbwwqR/uYpeoP4pu043q+LTDLFBLApUP6VxRihdfNTqu4ubqMlGDLd6ErXhEgsyvY0K6nCs7nggYumAN+9uEuQ=="],

    "sunrise-sunset-js": ["sunrise-sunset-js@3.2.1", "", {}, "sha512-6TsP5TztN5vimJ0ckhjO5QT1DENMEjSOTH6amL5XDkKpUXiGU6hFIAS3rMQ9OnHV6QrATEAtxjb4WDZ5ZuZcWw=="],

    "typescript": ["typescript@6.0.3", "", { "bin": { "tsc": "bin/tsc", "tsserver": "bin/tsserver" } }, "sha512-y2TvuxSZPDyQakkFRPZHKFm+KKVqIisdg9/CZwm9ftvKXLP8NRWj38/ODjNbr43SsoXqNuAisEf1GdCxqWcdBw=="],

    "zod": ["zod@4.4.3", "", {}, "sha512-ytENFjIJFl2UwYglde2jchW2Hwm4GJFLDiSXWdTrJQBIN9Fcyp7n4DhxJEiWNAJMV1/BqWfW/kkg71UDcHJyTQ=="],
  }
}
