{
  "name": "manjaro-downloads",
  "version": "1.0.0",
  "lockfileVersion": 3,
  "requires": true,
  "packages": {
    "": {
      "name": "manjaro-downloads",
      "version": "1.0.0",
      "license": "MIT",
      "dependencies": {
        "accept-language": "^3.0.18",
        "dayjs": "^1.11.13",
        "sunrise-sunset-js": "^2.2.1",
        "zod": "^4.0.0"
      },
      "devDependencies": {
        "@cloudflare/workers-types": "^4.20221111.1",
        "typescript": "^5.0.0"
      }
    },
    "node_modules/@cloudflare/workers-types": {
      "version": "4.20251113.0",
      "resolved": "https://registry.npmjs.org/@cloudflare/workers-types/-/workers-types-4.20251113.0.tgz",
      "integrity": "sha512-AMntYysoQzuc1aXLjkNLmFcuyxzCrZ/dfatnt2Lw4rf3aFtnM6RZKZ+zLhb+xjgjlrI7tzC86ay3gqYqKa2Qxg==",
      "dev": true,
      "license": "MIT OR Apache-2.0"
    },
    "node_modules/accept-language": {
      "version": "3.0.20",
      "resolved": "https://registry.npmjs.org/accept-language/-/accept-language-3.0.20.tgz",
      "integrity": "sha512-xklPzRma4aoDEPk0ZfMjeuxB2FP4JBYlAR25OFUqCoOYDjYo6wGwAs49SnTN/MoB5VpnNX9tENfZ+vEIFmHQMQ==",
      "license": "MIT",
      "dependencies": {
        "bcp47": "^1.1.2"
      }
    },
    "node_modules/bcp47": {
      "version": "1.1.2",
      "resolved": "https://registry.npmjs.org/bcp47/-/bcp47-1.1.2.tgz",
      "integrity": "sha512-JnkkL4GUpOvvanH9AZPX38CxhiLsXMBicBY2IAtqiVN8YulGDQybUydWA4W6yAMtw6iShtw+8HEF6cfrTHU+UQ==",
      "engines": {
        "node": ">=0.10"
      }
    },
    "node_modules/dayjs": {
      "version": "1.11.19",
      "resolved": "https://registry.npmjs.org/dayjs/-/dayjs-1.11.19.tgz",
      "integrity": "sha512-t5EcLVS6QPBNqM2z8fakk/NKel+Xzshgt8FFKAn+qwlD1pzZWxh0nVCrvFK7ZDb6XucZeF9z8C7CBWTRIVApAw==",
      "license": "MIT"
    },
    "node_modules/sunrise-sunset-js": {
      "version": "2.2.1",
      "resolved": "https://registry.npmjs.org/sunrise-sunset-js/-/sunrise-sunset-js-2.2.1.tgz",
      "integrity": "sha512-ErsvmxoTCZRacVPtlchkrTAR8qxypBy0BDrrv9LMugLuF0AykcS5pQsP1EhQJHgumxrTTSI8N8KJkQMVJ6dEPw==",
      "license": "ISC"
    },
    "node_modules/typescript": {
      "version": "5.9.3",
      "resolved": "https://registry.npmjs.org/typescript/-/typescript-5.9.3.tgz",
      "integrity": "sha512-jl1vZzPDinLr9eUt3J/t7V6FgNEw9QjvBPdysz9KfQDD41fQrC2Y4vKQdiaUpFT4bXlb1RHhLpp8wtm6M5TgSw==",
      "dev": true,
      "license": "Apache-2.0",
      "bin": {
        "tsc": "bin/tsc",
        "tsserver": "bin/tsserver"
      },
      "engines": {
        "node": ">=14.17"
      }
    },
    "node_modules/zod": {
      "version": "4.1.12",
      "resolved": "https://registry.npmjs.org/zod/-/zod-4.1.12.tgz",
      "integrity": "sha512-JInaHOamG8pt5+Ey8kGmdcAcg3OL9reK8ltczgHTAwNhMys/6ThXHityHxVV2p3fkw/c+MAvBHFVYHFZDmjMCQ==",
      "license": "MIT",
      "funding": {
        "url": "https://github.com/sponsors/colinhacks"
      }
    }
  }
}
