{
  "name": "manjaro-downloads",
  "version": "1.0.0",
  "lockfileVersion": 3,
  "requires": true,
  "packages": {
    "": {
      "name": "manjaro-downloads",
      "version": "1.0.0",
      "license": "MIT",
      "dependencies": {
        "accept-language": "^3.0.18",
        "zod": "^3.23.8"
      },
      "devDependencies": {
        "@cloudflare/workers-types": "^4.20221111.1",
        "typescript": "^5.0.0"
      }
    },
    "node_modules/@cloudflare/workers-types": {
      "version": "4.20241011.0",
      "resolved": "https://registry.npmjs.org/@cloudflare/workers-types/-/workers-types-4.20241011.0.tgz",
      "integrity": "sha512-emwBnuFB/2lS1z6NXAeBqrSL8Xwnr7YpgdLuchOmgu/igqBsLLNPBb4Qmgh3neFWUe9wbzQyx030836YF3c3Xw==",
      "dev": true,
      "license": "MIT OR Apache-2.0"
    },
    "node_modules/accept-language": {
      "version": "3.0.20",
      "resolved": "https://registry.npmjs.org/accept-language/-/accept-language-3.0.20.tgz",
      "integrity": "sha512-xklPzRma4aoDEPk0ZfMjeuxB2FP4JBYlAR25OFUqCoOYDjYo6wGwAs49SnTN/MoB5VpnNX9tENfZ+vEIFmHQMQ==",
      "license": "MIT",
      "dependencies": {
        "bcp47": "^1.1.2"
      }
    },
    "node_modules/bcp47": {
      "version": "1.1.2",
      "resolved": "https://registry.npmjs.org/bcp47/-/bcp47-1.1.2.tgz",
      "integrity": "sha512-JnkkL4GUpOvvanH9AZPX38CxhiLsXMBicBY2IAtqiVN8YulGDQybUydWA4W6yAMtw6iShtw+8HEF6cfrTHU+UQ==",
      "engines": {
        "node": ">=0.10"
      }
    },
    "node_modules/typescript": {
      "version": "5.6.3",
      "resolved": "https://registry.npmjs.org/typescript/-/typescript-5.6.3.tgz",
      "integrity": "sha512-hjcS1mhfuyi4WW8IWtjP7brDrG2cuDZukyrYrSauoXGNgx0S7zceP07adYkJycEr56BOUTNPzbInooiN3fn1qw==",
      "dev": true,
      "license": "Apache-2.0",
      "bin": {
        "tsc": "bin/tsc",
        "tsserver": "bin/tsserver"
      },
      "engines": {
        "node": ">=14.17"
      }
    },
    "node_modules/zod": {
      "version": "3.23.8",
      "resolved": "https://registry.npmjs.org/zod/-/zod-3.23.8.tgz",
      "integrity": "sha512-XBx9AXhXktjUqnepgTiE5flcKIYWi/rme0Eaj+5Y0lftuGBq+jyRu/md4WnuxqgP1ubdpNCsYEYPxrzVHD8d6g==",
      "funding": {
        "url": "https://github.com/sponsors/colinhacks"
      }
    }
  }
}
